GEM
  remote: https://rubygems.org/
  specs:
    activemodel (7.2.3.1)
      activesupport (= 7.2.3.1)
    activerecord (7.2.3.1)
      activemodel (= 7.2.3.1)
      activesupport (= 7.2.3.1)
      timeout (>= 0.4.0)
    activesupport (7.2.3.1)
      base64
      benchmark (>= 0.3)
      bigdecimal
      concurrent-ruby (~> 1.0, >= 1.3.1)
      connection_pool (>= 2.2.5)
      drb
      i18n (>= 1.6, < 2)
      logger (>= 1.4.2)
      minitest (>= 5.1, < 6)
      securerandom (>= 0.3)
      tzinfo (~> 2.0, >= 2.0.5)
    addressable (2.9.0)
      public_suffix (>= 2.0.2, < 8.0)
    aws-eventstream (1.4.0)
    aws-partitions (1.1240.0)
    aws-sdk-core (3.245.0)
      aws-eventstream (~> 1, >= 1.3.0)
      aws-partitions (~> 1, >= 1.992.0)
      aws-sigv4 (~> 1.9)
      base64
      bigdecimal
      jmespath (~> 1, >= 1.6.1)
      logger
    aws-sdk-polly (1.123.0)
      aws-sdk-core (~> 3, >= 3.244.0)
      aws-sigv4 (~> 1.5)
    aws-sigv4 (1.12.1)
      aws-eventstream (~> 1, >= 1.0.2)
    base64 (0.3.0)
    benchmark (0.5.0)
    bigdecimal (4.1.2)
    coderay (1.1.3)
    concurrent-ruby (1.3.6)
    connection_pool (3.0.2)
    csv (3.3.5)
    daemons (1.4.1)
    date (3.5.1)
    domain_name (0.6.20240107)
    drb (2.2.3)
    dry-core (1.2.0)
      concurrent-ruby (~> 1.0)
      logger
      zeitwerk (~> 2.6)
    dry-inflector (1.3.1)
    dry-logic (1.6.0)
      bigdecimal
      concurrent-ruby (~> 1.0)
      dry-core (~> 1.1)
      zeitwerk (~> 2.6)
    dry-struct (1.8.1)
      dry-core (~> 1.1)
      dry-types (~> 1.8, >= 1.8.2)
      ice_nine (~> 0.11)
      zeitwerk (~> 2.6)
    dry-types (1.9.1)
      bigdecimal (>= 3.0)
      concurrent-ruby (~> 1.0)
      dry-core (~> 1.0)
      dry-inflector (~> 1.0)
      dry-logic (~> 1.4)
      zeitwerk (~> 2.6)
    erb (6.0.4)
    faraday (2.14.1)
      faraday-net_http (>= 2.0, < 3.5)
      json
      logger
    faraday-multipart (1.2.0)
      multipart-post (~> 2.0)
    faraday-net_http (3.4.2)
      net-http (~> 0.5)
    google-search (1.0.3)
      json
    google_search_results (0.0.2)
    http-accept (1.7.0)
    http-cookie (1.1.5)
      domain_name (~> 0.5)
    httparty (0.24.2)
      csv
      mini_mime (>= 1.0.0)
      multi_xml (>= 0.5.2)
    i18n (1.14.8)
      concurrent-ruby (~> 1.0)
    ice_nine (0.11.2)
    io-console (0.8.2)
    irb (1.17.0)
      pp (>= 0.6.0)
      prism (>= 1.3.0)
      rdoc (>= 4.0.0)
      reline (>= 0.4.2)
    jmespath (1.6.2)
    json (2.19.4)
    logger (1.7.0)
    method_source (1.1.0)
    mime-types (3.7.0)
      logger
      mime-types-data (~> 3.2025, >= 3.2025.0507)
    mime-types-data (3.2026.0414)
    mini_mime (1.1.5)
    mini_portile2 (2.8.9)
    minitest (5.27.0)
    multi_xml (0.8.1)
      bigdecimal (>= 3.1, < 5)
    multipart-post (2.4.1)
    mutex_m (0.3.0)
    net-http (0.9.1)
      uri (>= 0.11.1)
    netrc (0.11.0)
    nokogiri (1.19.2)
      mini_portile2 (~> 2.8.2)
      racc (~> 1.4)
    nokogiri (1.19.2-aarch64-linux-gnu)
      racc (~> 1.4)
    nokogiri (1.19.2-aarch64-linux-musl)
      racc (~> 1.4)
    nokogiri (1.19.2-arm-linux-gnu)
      racc (~> 1.4)
    nokogiri (1.19.2-arm-linux-musl)
      racc (~> 1.4)
    nokogiri (1.19.2-arm64-darwin)
      racc (~> 1.4)
    nokogiri (1.19.2-x86_64-darwin)
      racc (~> 1.4)
    nokogiri (1.19.2-x86_64-linux-gnu)
      racc (~> 1.4)
    nokogiri (1.19.2-x86_64-linux-musl)
      racc (~> 1.4)
    numo-linalg-alt (0.9.0)
      numo-narray-alt (>= 0.9.10, < 0.11.0)
    numo-narray-alt (0.10.3)
    observer (0.1.2)
    ostruct (0.6.3)
    pp (0.6.3)
      prettyprint
    prettyprint (0.2.0)
    prism (1.9.0)
    pry (0.16.0)
      coderay (~> 1.1)
      method_source (~> 1.0)
      reline (>= 0.6.0)
    psych (5.3.1)
      date
      stringio
    public_suffix (7.0.5)
    racc (1.8.1)
    rake (13.4.2)
    rdoc (7.2.0)
      erb
      psych (>= 4.0.0)
      tsort
    reline (0.6.3)
      io-console (~> 0.5)
    rest-client (2.1.0)
      http-accept (>= 1.7.0, < 2.0)
      http-cookie (>= 1.0.2, < 2.0)
      mime-types (>= 1.16, < 4.0)
      netrc (~> 0.8)
    rexml (3.4.4)
    rss (0.3.2)
      rexml
    securerandom (0.4.1)
    sk_google_custom_search_api (2.0.1)
      addressable
      httparty
    socksify (1.8.1)
    sqlite3 (2.9.3)
      mini_portile2 (~> 2.8.0)
    sqlite3 (2.9.3-aarch64-linux-gnu)
    sqlite3 (2.9.3-aarch64-linux-musl)
    sqlite3 (2.9.3-arm-linux-gnu)
    sqlite3 (2.9.3-arm-linux-musl)
    sqlite3 (2.9.3-arm64-darwin)
    sqlite3 (2.9.3-x86-linux-gnu)
    sqlite3 (2.9.3-x86-linux-musl)
    sqlite3 (2.9.3-x86_64-darwin)
    sqlite3 (2.9.3-x86_64-linux-gnu)
    sqlite3 (2.9.3-x86_64-linux-musl)
    stringio (3.2.0)
    telegram-bot-ruby (2.7.0)
      dry-struct (~> 1.6)
      faraday (~> 2.0)
      faraday-multipart (~> 1.0)
      zeitwerk (~> 2.6)
    timeout (0.6.1)
    translit (0.1.5)
    tsort (0.2.0)
    tzinfo (2.0.6)
      concurrent-ruby (~> 1.0)
    unicode_utils (1.4.0)
    uri (1.1.1)
    wahwah (1.6.7)
    zeitwerk (2.7.5)

PLATFORMS
  aarch64-linux-gnu
  aarch64-linux-musl
  arm-linux-gnu
  arm-linux-musl
  arm64-darwin
  ruby
  x86-linux-gnu
  x86-linux-musl
  x86_64-darwin
  x86_64-linux-gnu
  x86_64-linux-musl

DEPENDENCIES
  activerecord (~> 7.2)
  activesupport (~> 7.2)
  aws-sdk-polly
  base64
  benchmark
  csv
  daemons
  faraday
  google-search
  google_search_results (~> 0.0.1)
  httparty (~> 0.24)
  i18n
  irb
  logger
  mutex_m
  nokogiri
  numo-linalg-alt
  numo-narray-alt
  observer
  ostruct
  pry
  rake
  rest-client
  rss
  sk_google_custom_search_api (~> 2.0.1)
  socksify
  sqlite3 (~> 2.9)
  telegram-bot-ruby (~> 2)
  translit
  unicode_utils
  wahwah

BUNDLED WITH
  4.0.3
